{
    "_readme": [
        "This file locks the dependencies of your project to a known state",
        "Read more about it at https://getcomposer.org/doc/01-basic-usage.md#composer-lock-the-lock-file",
        "This file is @generated automatically"
    ],
    "hash": "6570f0769fef13abf715b295ec41befb",
    "content-hash": "04bac3321819b52afd5963e89af337ae",
    "packages": [
        {
            "name": "sqmk/phue",
            "version": "v1.1.1",
            "source": {
                "type": "git",
                "url": "https://github.com/sqmk/Phue.git",
                "reference": "ae63038fff244834d1c2aa45e5176fd30ebfecb0"
            },
            "dist": {
                "type": "zip",
                "url": "https://api.github.com/repos/sqmk/Phue/zipball/ae63038fff244834d1c2aa45e5176fd30ebfecb0",
                "reference": "ae63038fff244834d1c2aa45e5176fd30ebfecb0",
                "shasum": ""
            },
            "require": {
                "php": ">=5.4.0"
            },
            "require-dev": {
                "mockery/mockery": "0.8.0",
                "phpunit/phpunit": "3.7.25",
                "squizlabs/php_codesniffer": "1.4.6"
            },
            "suggest": {
                "ext-curl": "Allows usage of cURL transport adapter"
            },
            "bin": [
                "bin/phue-create-user",
                "bin/phue-bridge-finder",
                "bin/phue-light-finder",
                "bin/phue-list-lights"
            ],
            "type": "library",
            "autoload": {
                "psr-0": {
                    "Phue": "library/"
                }
            },
            "notification-url": "https://packagist.org/downloads/",
            "license": [
                "BSD-3-Clause"
            ],
            "authors": [
                {
                    "name": "Michael Squires",
                    "email": "sqmk@php.net",
                    "role": "lead"
                }
            ],
            "description": "Phue - Philips Hue PHP client",
            "homepage": "http://github.com/sqmk/Phue",
            "keywords": [
                "client",
                "hue",
                "philips",
                "phue"
            ],
            "time": "2015-10-28 02:53:56"
        },
        {
            "name": "symfony/console",
            "version": "dev-master",
            "source": {
                "type": "git",
                "url": "https://github.com/symfony/console.git",
                "reference": "56cd0ec9b4a7f08a7fd66b57e8f938b1e488d301"
            },
            "dist": {
                "type": "zip",
                "url": "https://api.github.com/repos/symfony/console/zipball/56cd0ec9b4a7f08a7fd66b57e8f938b1e488d301",
                "reference": "56cd0ec9b4a7f08a7fd66b57e8f938b1e488d301",
                "shasum": ""
            },
            "require": {
                "php": ">=5.5.9",
                "symfony/polyfill-mbstring": "~1.0"
            },
            "require-dev": {
                "psr/log": "~1.0",
                "symfony/event-dispatcher": "~2.8|~3.0",
                "symfony/process": "~2.8|~3.0"
            },
            "suggest": {
                "psr/log": "For using the console logger",
                "symfony/event-dispatcher": "",
                "symfony/process": ""
            },
            "type": "library",
            "extra": {
                "branch-alias": {
                    "dev-master": "3.0-dev"
                }
            },
            "autoload": {
                "psr-4": {
                    "Symfony\\Component\\Console\\": ""
                },
                "exclude-from-classmap": [
                    "/Tests/"
                ]
            },
            "notification-url": "https://packagist.org/downloads/",
            "license": [
                "MIT"
            ],
            "authors": [
                {
                    "name": "Fabien Potencier",
                    "email": "fabien@symfony.com"
                },
                {
                    "name": "Symfony Community",
                    "homepage": "https://symfony.com/contributors"
                }
            ],
            "description": "Symfony Console Component",
            "homepage": "https://symfony.com",
            "time": "2015-11-05 14:03:06"
        },
        {
            "name": "symfony/polyfill-mbstring",
            "version": "dev-master",
            "source": {
                "type": "git",
                "url": "https://github.com/symfony/polyfill-mbstring.git",
                "reference": "0b6a8940385311a24e060ec1fe35680e17c74497"
            },
            "dist": {
                "type": "zip",
                "url": "https://api.github.com/repos/symfony/polyfill-mbstring/zipball/0b6a8940385311a24e060ec1fe35680e17c74497",
                "reference": "0b6a8940385311a24e060ec1fe35680e17c74497",
                "shasum": ""
            },
            "require": {
                "php": ">=5.3.3"
            },
            "type": "library",
            "extra": {
                "branch-alias": {
                    "dev-master": "1.0-dev"
                }
            },
            "autoload": {
                "psr-4": {
                    "Symfony\\Polyfill\\Mbstring\\": ""
                },
                "files": [
                    "bootstrap.php"
                ]
            },
            "notification-url": "https://packagist.org/downloads/",
            "license": [
                "MIT"
            ],
            "authors": [
                {
                    "name": "Nicolas Grekas",
                    "email": "p@tchwork.com"
                },
                {
                    "name": "Symfony Community",
                    "homepage": "https://symfony.com/contributors"
                }
            ],
            "description": "Symfony polyfill for the Mbstring extension",
            "homepage": "https://symfony.com",
            "keywords": [
                "compatibility",
                "mbstring",
                "polyfill",
                "portable",
                "shim"
            ],
            "time": "2015-11-04 20:28:58"
        }
    ],
    "packages-dev": [],
    "aliases": [],
    "minimum-stability": "dev",
    "stability-flags": {
        "symfony/console": 20
    },
    "prefer-stable": false,
    "prefer-lowest": false,
    "platform": [],
    "platform-dev": []
}
